{
  "object": {
    "pins": [
      {
        "package": "GoogleMaps",
        "repositoryURL": "https://github.com/YAtechnologies/GoogleMaps-SP.git",
        "state": {
          "branch": null,
          "revision": "a7224820cb5eb50ef1020a46a1b87d07c07a09b7",
          "version": "5.1.0"
        }
      }
    ]
  },
  "version": 1
}
